
Microsoft Visual Studio Solution File, Format Version 12.00
# Visual Studio Version 17
VisualStudioVersion = 17.2.32616.157
MinimumVisualStudioVersion = 10.0.40219.1
Project("{9A19103F-16F7-4668-BE54-9A1E7A4F7556}") = "TranslatorToolsWPF", "TranslatorToolsWPF.csproj", "{1CF6C8DB-0E40-47C9-9302-469401D8C6ED}"
EndProject
Project("{9A19103F-16F7-4668-BE54-9A1E7A4F7556}") = "TranslatorToolsLibrary.DI", "..\TranslateLibrary.DI\TranslatorToolsLibrary.DI.csproj", "{D5A2E662-32F8-4DD3-A259-B0454A252B02}"
	ProjectSection(ProjectDependencies) = postProject
		{F262284A-5024-4762-A620-A44086EB0044} = {F262284A-5024-4762-A620-A44086EB0044}
	EndProjectSection
EndProject
Project("{9A19103F-16F7-4668-BE54-9A1E7A4F7556}") = "TranslatorToolsLibrary.Settings", "..\TranslatorToolsLibrary.Settings\TranslatorToolsLibrary.Settings.csproj", "{35450195-E5F8-4F28-8F67-E9A6B933EAE4}"
EndProject
Project("{9A19103F-16F7-4668-BE54-9A1E7A4F7556}") = "TranslatorToolsLibrary", "..\TranslatorToolsLibrary\TranslatorToolsLibrary.csproj", "{EEC1C829-79CA-48D8-BCEC-446040C70312}"
EndProject
Project("{9A19103F-16F7-4668-BE54-9A1E7A4F7556}") = "HttpClientLibrary", "..\HttpController\HttpClientLibrary.csproj", "{32390C35-6F18-439D-AAD4-5346EB380624}"
EndProject
Project("{9A19103F-16F7-4668-BE54-9A1E7A4F7556}") = "TranslatorToolsLibrary.JsonSaveLoaderLibrary", "..\JSONSaveLoaderLibrary\TranslatorToolsLibrary.JsonSaveLoaderLibrary.csproj", "{9DA548A3-2B0D-40C3-920A-6A1A2A1E736A}"
EndProject
Project("{9A19103F-16F7-4668-BE54-9A1E7A4F7556}") = "ConsoleLoggerLibrary", "..\ConsoleLogger\ConsoleLoggerLibrary.csproj", "{8FF4DB36-5617-4EB7-8233-7CFD304939B8}"
	ProjectSection(ProjectDependencies) = postProject
		{D5A2E662-32F8-4DD3-A259-B0454A252B02} = {D5A2E662-32F8-4DD3-A259-B0454A252B02}
	EndProjectSection
EndProject
Project("{9A19103F-16F7-4668-BE54-9A1E7A4F7556}") = "EventBusLibrary", "..\EventBusLibrary\EventBusLibrary.csproj", "{F262284A-5024-4762-A620-A44086EB0044}"
EndProject
Project("{9A19103F-16F7-4668-BE54-9A1E7A4F7556}") = "TranslatorToolsWPFTests", "..\TranslatorToolsWPFTests\TranslatorToolsWPFTests.csproj", "{27DBA9F7-7E6D-4A67-9024-946E01F8829E}"
EndProject
Project("{9A19103F-16F7-4668-BE54-9A1E7A4F7556}") = "PetrenkoGoltsmanAlgorithmLibrary", "..\PetrenkoGoltsmanAlgorithm\PetrenkoGoltsmanAlgorithmLibrary.csproj", "{FDBC6221-6AB8-4550-8BB1-BABCF4653835}"
EndProject
Project("{9A19103F-16F7-4668-BE54-9A1E7A4F7556}") = "EPPlusLibrary", "..\EPPlusLibrary\EPPlusLibrary.csproj", "{77B962B8-87B4-4CA9-9E34-21D7D306579A}"
	ProjectSection(ProjectDependencies) = postProject
		{1F980438-519F-46CA-84A6-A06D7B428AB2} = {1F980438-519F-46CA-84A6-A06D7B428AB2}
	EndProjectSection
EndProject
Project("{9A19103F-16F7-4668-BE54-9A1E7A4F7556}") = "LibreOfficeLibrary", "..\LibreOfficeLibrary\LibreOfficeLibrary.csproj", "{5DDC9CEA-2473-4E8B-96AE-5698A87ABCC0}"
EndProject
Project("{9A19103F-16F7-4668-BE54-9A1E7A4F7556}") = "TranslatorToolsLibrary.TranslatorToolsObjects", "..\TranslatorToolsLibrary.TranslatorToolsObjects\TranslatorToolsLibrary.TranslatorToolsObjects.csproj", "{EE037981-D5E5-445B-BB7A-F33C66A26BA2}"
EndProject
Project("{FAE04EC0-301F-11D3-BF4B-00C04F79EFBC}") = "DocumentBuilderLibrary", "..\DocumentBuilderLibrary\DocumentBuilderLibrary.csproj", "{1F980438-519F-46CA-84A6-A06D7B428AB2}"
EndProject
Global
	GlobalSection(SolutionConfigurationPlatforms) = preSolution
		Debug|Any CPU = Debug|Any CPU
		Release|Any CPU = Release|Any CPU
	EndGlobalSection
	GlobalSection(ProjectConfigurationPlatforms) = postSolution
		{1CF6C8DB-0E40-47C9-9302-469401D8C6ED}.Debug|Any CPU.ActiveCfg = Debug|Any CPU
		{1CF6C8DB-0E40-47C9-9302-469401D8C6ED}.Debug|Any CPU.Build.0 = Debug|Any CPU
		{1CF6C8DB-0E40-47C9-9302-469401D8C6ED}.Release|Any CPU.ActiveCfg = Release|Any CPU
		{1CF6C8DB-0E40-47C9-9302-469401D8C6ED}.Release|Any CPU.Build.0 = Release|Any CPU
		{D5A2E662-32F8-4DD3-A259-B0454A252B02}.Debug|Any CPU.ActiveCfg = Debug|Any CPU
		{D5A2E662-32F8-4DD3-A259-B0454A252B02}.Debug|Any CPU.Build.0 = Debug|Any CPU
		{D5A2E662-32F8-4DD3-A259-B0454A252B02}.Release|Any CPU.ActiveCfg = Release|Any CPU
		{D5A2E662-32F8-4DD3-A259-B0454A252B02}.Release|Any CPU.Build.0 = Release|Any CPU
		{35450195-E5F8-4F28-8F67-E9A6B933EAE4}.Debug|Any CPU.ActiveCfg = Debug|Any CPU
		{35450195-E5F8-4F28-8F67-E9A6B933EAE4}.Debug|Any CPU.Build.0 = Debug|Any CPU
		{35450195-E5F8-4F28-8F67-E9A6B933EAE4}.Release|Any CPU.ActiveCfg = Release|Any CPU
		{35450195-E5F8-4F28-8F67-E9A6B933EAE4}.Release|Any CPU.Build.0 = Release|Any CPU
		{EEC1C829-79CA-48D8-BCEC-446040C70312}.Debug|Any CPU.ActiveCfg = Debug|Any CPU
		{EEC1C829-79CA-48D8-BCEC-446040C70312}.Debug|Any CPU.Build.0 = Debug|Any CPU
		{EEC1C829-79CA-48D8-BCEC-446040C70312}.Release|Any CPU.ActiveCfg = Release|Any CPU
		{EEC1C829-79CA-48D8-BCEC-446040C70312}.Release|Any CPU.Build.0 = Release|Any CPU
		{32390C35-6F18-439D-AAD4-5346EB380624}.Debug|Any CPU.ActiveCfg = Debug|Any CPU
		{32390C35-6F18-439D-AAD4-5346EB380624}.Debug|Any CPU.Build.0 = Debug|Any CPU
		{32390C35-6F18-439D-AAD4-5346EB380624}.Release|Any CPU.ActiveCfg = Release|Any CPU
		{32390C35-6F18-439D-AAD4-5346EB380624}.Release|Any CPU.Build.0 = Release|Any CPU
		{9DA548A3-2B0D-40C3-920A-6A1A2A1E736A}.Debug|Any CPU.ActiveCfg = Debug|Any CPU
		{9DA548A3-2B0D-40C3-920A-6A1A2A1E736A}.Debug|Any CPU.Build.0 = Debug|Any CPU
		{9DA548A3-2B0D-40C3-920A-6A1A2A1E736A}.Release|Any CPU.ActiveCfg = Release|Any CPU
		{9DA548A3-2B0D-40C3-920A-6A1A2A1E736A}.Release|Any CPU.Build.0 = Release|Any CPU
		{8FF4DB36-5617-4EB7-8233-7CFD304939B8}.Debug|Any CPU.ActiveCfg = Debug|Any CPU
		{8FF4DB36-5617-4EB7-8233-7CFD304939B8}.Debug|Any CPU.Build.0 = Debug|Any CPU
		{8FF4DB36-5617-4EB7-8233-7CFD304939B8}.Release|Any CPU.ActiveCfg = Release|Any CPU
		{8FF4DB36-5617-4EB7-8233-7CFD304939B8}.Release|Any CPU.Build.0 = Release|Any CPU
		{F262284A-5024-4762-A620-A44086EB0044}.Debug|Any CPU.ActiveCfg = Debug|Any CPU
		{F262284A-5024-4762-A620-A44086EB0044}.Debug|Any CPU.Build.0 = Debug|Any CPU
		{F262284A-5024-4762-A620-A44086EB0044}.Release|Any CPU.ActiveCfg = Release|Any CPU
		{F262284A-5024-4762-A620-A44086EB0044}.Release|Any CPU.Build.0 = Release|Any CPU
		{27DBA9F7-7E6D-4A67-9024-946E01F8829E}.Debug|Any CPU.ActiveCfg = Debug|Any CPU
		{27DBA9F7-7E6D-4A67-9024-946E01F8829E}.Debug|Any CPU.Build.0 = Debug|Any CPU
		{27DBA9F7-7E6D-4A67-9024-946E01F8829E}.Release|Any CPU.ActiveCfg = Release|Any CPU
		{27DBA9F7-7E6D-4A67-9024-946E01F8829E}.Release|Any CPU.Build.0 = Release|Any CPU
		{FDBC6221-6AB8-4550-8BB1-BABCF4653835}.Debug|Any CPU.ActiveCfg = Debug|Any CPU
		{FDBC6221-6AB8-4550-8BB1-BABCF4653835}.Debug|Any CPU.Build.0 = Debug|Any CPU
		{FDBC6221-6AB8-4550-8BB1-BABCF4653835}.Release|Any CPU.ActiveCfg = Release|Any CPU
		{FDBC6221-6AB8-4550-8BB1-BABCF4653835}.Release|Any CPU.Build.0 = Release|Any CPU
		{77B962B8-87B4-4CA9-9E34-21D7D306579A}.Debug|Any CPU.ActiveCfg = Debug|Any CPU
		{77B962B8-87B4-4CA9-9E34-21D7D306579A}.Debug|Any CPU.Build.0 = Debug|Any CPU
		{77B962B8-87B4-4CA9-9E34-21D7D306579A}.Release|Any CPU.ActiveCfg = Release|Any CPU
		{77B962B8-87B4-4CA9-9E34-21D7D306579A}.Release|Any CPU.Build.0 = Release|Any CPU
		{5DDC9CEA-2473-4E8B-96AE-5698A87ABCC0}.Debug|Any CPU.ActiveCfg = Debug|Any CPU
		{5DDC9CEA-2473-4E8B-96AE-5698A87ABCC0}.Debug|Any CPU.Build.0 = Debug|Any CPU
		{5DDC9CEA-2473-4E8B-96AE-5698A87ABCC0}.Release|Any CPU.ActiveCfg = Release|Any CPU
		{5DDC9CEA-2473-4E8B-96AE-5698A87ABCC0}.Release|Any CPU.Build.0 = Release|Any CPU
		{EE037981-D5E5-445B-BB7A-F33C66A26BA2}.Debug|Any CPU.ActiveCfg = Debug|Any CPU
		{EE037981-D5E5-445B-BB7A-F33C66A26BA2}.Debug|Any CPU.Build.0 = Debug|Any CPU
		{EE037981-D5E5-445B-BB7A-F33C66A26BA2}.Release|Any CPU.ActiveCfg = Release|Any CPU
		{EE037981-D5E5-445B-BB7A-F33C66A26BA2}.Release|Any CPU.Build.0 = Release|Any CPU
		{1F980438-519F-46CA-84A6-A06D7B428AB2}.Debug|Any CPU.ActiveCfg = Debug|Any CPU
		{1F980438-519F-46CA-84A6-A06D7B428AB2}.Debug|Any CPU.Build.0 = Debug|Any CPU
		{1F980438-519F-46CA-84A6-A06D7B428AB2}.Release|Any CPU.ActiveCfg = Release|Any CPU
		{1F980438-519F-46CA-84A6-A06D7B428AB2}.Release|Any CPU.Build.0 = Release|Any CPU
	EndGlobalSection
	GlobalSection(SolutionProperties) = preSolution
		HideSolutionNode = FALSE
	EndGlobalSection
	GlobalSection(ExtensibilityGlobals) = postSolution
		SolutionGuid = {00372EE2-B3EB-492C-83BC-4DBB432665F2}
	EndGlobalSection
EndGlobal
